
Microsoft Visual Studio Solution File, Format Version 12.00
# Visual Studio Version 16
VisualStudioVersion = 16.0.32802.399
MinimumVisualStudioVersion = 10.0.40219.1
Project("{FAE04EC0-301F-11D3-BF4B-00C04F79EFBC}") = "Zerohunger", "Zerohunger\Zerohunger.csproj", "{F8FB80CA-7429-4DB0-83BA-5035BDA70E41}"
EndProject
Global
	GlobalSection(SolutionConfigurationPlatforms) = preSolution
		Debug|Any CPU = Debug|Any CPU
		Release|Any CPU = Release|Any CPU
	EndGlobalSection
	GlobalSection(ProjectConfigurationPlatforms) = postSolution
		{F8FB80CA-7429-4DB0-83BA-5035BDA70E41}.Debug|Any CPU.ActiveCfg = Debug|Any CPU
		{F8FB80CA-7429-4DB0-83BA-5035BDA70E41}.Debug|Any CPU.Build.0 = Debug|Any CPU
		{F8FB80CA-7429-4DB0-83BA-5035BDA70E41}.Release|Any CPU.ActiveCfg = Release|Any CPU
		{F8FB80CA-7429-4DB0-83BA-5035BDA70E41}.Release|Any CPU.Build.0 = Release|Any CPU
	EndGlobalSection
	GlobalSection(SolutionProperties) = preSolution
		HideSolutionNode = FALSE
	EndGlobalSection
	GlobalSection(ExtensibilityGlobals) = postSolution
		SolutionGuid = {6402852D-B688-426B-9DD8-B60E2B94D201}
	EndGlobalSection
EndGlobal
